
Microsoft Visual Studio Solution File, Format Version 12.00
# Visual Studio Version 17
VisualStudioVersion = 17.10.34928.147
MinimumVisualStudioVersion = 10.0.40219.1
Project("{FAE04EC0-301F-11D3-BF4B-00C04F79EFBC}") = "MaestroDetalleMVC", "MaestroDetalleMVC\MaestroDetalleMVC.csproj", "{FBB043BC-75BC-4915-878B-A2031F1587EA}"
EndProject
Global
	GlobalSection(SolutionConfigurationPlatforms) = preSolution
		Debug|Any CPU = Debug|Any CPU
		Release|Any CPU = Release|Any CPU
	EndGlobalSection
	GlobalSection(ProjectConfigurationPlatforms) = postSolution
		{FBB043BC-75BC-4915-878B-A2031F1587EA}.Debug|Any CPU.ActiveCfg = Debug|Any CPU
		{FBB043BC-75BC-4915-878B-A2031F1587EA}.Debug|Any CPU.Build.0 = Debug|Any CPU
		{FBB043BC-75BC-4915-878B-A2031F1587EA}.Release|Any CPU.ActiveCfg = Release|Any CPU
		{FBB043BC-75BC-4915-878B-A2031F1587EA}.Release|Any CPU.Build.0 = Release|Any CPU
	EndGlobalSection
	GlobalSection(SolutionProperties) = preSolution
		HideSolutionNode = FALSE
	EndGlobalSection
	GlobalSection(ExtensibilityGlobals) = postSolution
		SolutionGuid = {0005F667-2A91-44E6-B550-65AEA03516A9}
	EndGlobalSection
EndGlobal
